
Microsoft Visual Studio Solution File, Format Version 12.00
# Visual Studio Version 16
VisualStudioVersion = 16.0.29403.142
MinimumVisualStudioVersion = 10.0.40219.1
Project("{FAE04EC0-301F-11D3-BF4B-00C04F79EFBC}") = "AdevertApi", "AdevertApi.csproj", "{F70399D8-5355-4DC3-918F-605CB7AFC338}"
EndProject
Project("{FAE04EC0-301F-11D3-BF4B-00C04F79EFBC}") = "AdvertApi.Models", "..\AdvertApi.Models\AdvertApi.Models.csproj", "{DC854186-4CEF-46CD-8880-513480E991C0}"
EndProject
Global
	GlobalSection(SolutionConfigurationPlatforms) = preSolution
		Debug|Any CPU = Debug|Any CPU
		Release|Any CPU = Release|Any CPU
	EndGlobalSection
	GlobalSection(ProjectConfigurationPlatforms) = postSolution
		{F70399D8-5355-4DC3-918F-605CB7AFC338}.Debug|Any CPU.ActiveCfg = Debug|Any CPU
		{F70399D8-5355-4DC3-918F-605CB7AFC338}.Debug|Any CPU.Build.0 = Debug|Any CPU
		{F70399D8-5355-4DC3-918F-605CB7AFC338}.Release|Any CPU.ActiveCfg = Release|Any CPU
		{F70399D8-5355-4DC3-918F-605CB7AFC338}.Release|Any CPU.Build.0 = Release|Any CPU
		{DC854186-4CEF-46CD-8880-513480E991C0}.Debug|Any CPU.ActiveCfg = Debug|Any CPU
		{DC854186-4CEF-46CD-8880-513480E991C0}.Debug|Any CPU.Build.0 = Debug|Any CPU
		{DC854186-4CEF-46CD-8880-513480E991C0}.Release|Any CPU.ActiveCfg = Release|Any CPU
		{DC854186-4CEF-46CD-8880-513480E991C0}.Release|Any CPU.Build.0 = Release|Any CPU
	EndGlobalSection
	GlobalSection(SolutionProperties) = preSolution
		HideSolutionNode = FALSE
	EndGlobalSection
	GlobalSection(ExtensibilityGlobals) = postSolution
		SolutionGuid = {B9E7CC7D-4129-4170-B544-6B81A7D73FF2}
	EndGlobalSection
EndGlobal
